
Microsoft Visual Studio Solution File, Format Version 11.00
# Visual Studio 2010
Project("{FAE04EC0-301F-11D3-BF4B-00C04F79EFBC}") = "GestionBiblio", "GestionBiblio\GestionBiblio.csproj", "{DE236C35-DB50-4B47-9939-19F30FD3BFE9}"
EndProject
Global
	GlobalSection(SolutionConfigurationPlatforms) = preSolution
		Debug|x86 = Debug|x86
		Release|x86 = Release|x86
	EndGlobalSection
	GlobalSection(ProjectConfigurationPlatforms) = postSolution
		{DE236C35-DB50-4B47-9939-19F30FD3BFE9}.Debug|x86.ActiveCfg = Debug|x86
		{DE236C35-DB50-4B47-9939-19F30FD3BFE9}.Debug|x86.Build.0 = Debug|x86
		{DE236C35-DB50-4B47-9939-19F30FD3BFE9}.Release|x86.ActiveCfg = Release|x86
		{DE236C35-DB50-4B47-9939-19F30FD3BFE9}.Release|x86.Build.0 = Release|x86
	EndGlobalSection
	GlobalSection(SolutionProperties) = preSolution
		HideSolutionNode = FALSE
	EndGlobalSection
EndGlobal
